// !$*UTF8*$!
{
	archiveVersion = 1;
	classes = {
	};
	objectVersion = 51;
	objects = {

/* Begin PBXBuildFile section */
		0879AF87896B89868F3ED7AD /* Pods_UILearn_UILearnUITests.framework in Frameworks */ = {isa = PBXBuildFile; fileRef = 2F9E5044A6A43DA0DE920B07 /* Pods_UILearn_UILearnUITests.framework */; };
		1658C7467DC92E74296BE1C8 /* Pods_UILearnTests.framework in Frameworks */ = {isa = PBXBuildFile; fileRef = 020F0D5775AD5F700D975935 /* Pods_UILearnTests.framework */; };
		1819F1EF277953C100F79694 /* XNetModel.m in Sources */ = {isa = PBXBuildFile; fileRef = 1819F1EE277953C100F79694 /* XNetModel.m */; };
		181DBECF27BCCF7B005D5EBB /* XDeleFirstVC.m in Sources */ = {isa = PBXBuildFile; fileRef = 181DBECD27BCCF7B005D5EBB /* XDeleFirstVC.m */; };
		181DBED027BCCF7B005D5EBB /* XDeleFirstVC.xib in Resources */ = {isa = PBXBuildFile; fileRef = 181DBECE27BCCF7B005D5EBB /* XDeleFirstVC.xib */; };
		181DBED427BCCF9B005D5EBB /* XDeleSecondVC.m in Sources */ = {isa = PBXBuildFile; fileRef = 181DBED227BCCF9B005D5EBB /* XDeleSecondVC.m */; };
		181DBED527BCCF9B005D5EBB /* XDeleSecondVC.xib in Resources */ = {isa = PBXBuildFile; fileRef = 181DBED327BCCF9B005D5EBB /* XDeleSecondVC.xib */; };
		182D67592750B9C7001411AA /* XHomeCell.m in Sources */ = {isa = PBXBuildFile; fileRef = 182D67572750B9C7001411AA /* XHomeCell.m */; };
		182D675D2750BAAF001411AA /* XHomeableViewController.m in Sources */ = {isa = PBXBuildFile; fileRef = 182D675C2750BAAF001411AA /* XHomeableViewController.m */; };
		183FCE80274C8D3B00E7964B /* AppDelegate.m in Sources */ = {isa = PBXBuildFile; fileRef = 183FCE7F274C8D3B00E7964B /* AppDelegate.m */; };
		183FCE83274C8D3B00E7964B /* SceneDelegate.m in Sources */ = {isa = PBXBuildFile; fileRef = 183FCE82274C8D3B00E7964B /* SceneDelegate.m */; };
		183FCE86274C8D3B00E7964B /* ViewController.m in Sources */ = {isa = PBXBuildFile; fileRef = 183FCE85274C8D3B00E7964B /* ViewController.m */; };
		183FCE89274C8D3B00E7964B /* Main.storyboard in Resources */ = {isa = PBXBuildFile; fileRef = 183FCE87274C8D3B00E7964B /* Main.storyboard */; };
		183FCE8B274C8D3F00E7964B /* Assets.xcassets in Resources */ = {isa = PBXBuildFile; fileRef = 183FCE8A274C8D3F00E7964B /* Assets.xcassets */; };
		183FCE8E274C8D3F00E7964B /* LaunchScreen.storyboard in Resources */ = {isa = PBXBuildFile; fileRef = 183FCE8C274C8D3F00E7964B /* LaunchScreen.storyboard */; };
		183FCE91274C8D3F00E7964B /* main.m in Sources */ = {isa = PBXBuildFile; fileRef = 183FCE90274C8D3F00E7964B /* main.m */; };
		183FCE9B274C8D4000E7964B /* UILearnTests.m in Sources */ = {isa = PBXBuildFile; fileRef = 183FCE9A274C8D4000E7964B /* UILearnTests.m */; };
		183FCEA6274C8D4000E7964B /* UILearnUITests.m in Sources */ = {isa = PBXBuildFile; fileRef = 183FCEA5274C8D4000E7964B /* UILearnUITests.m */; };
		183FCEB6274C947E00E7964B /* NavigationController.m in Sources */ = {isa = PBXBuildFile; fileRef = 183FCEB5274C947E00E7964B /* NavigationController.m */; };
		183FCEB9274C970700E7964B /* TabBarController.m in Sources */ = {isa = PBXBuildFile; fileRef = 183FCEB8274C970700E7964B /* TabBarController.m */; };
		183FCEC2274CB77300E7964B /* XHomeController.m in Sources */ = {isa = PBXBuildFile; fileRef = 183FCEC1274CB77300E7964B /* XHomeController.m */; };
		183FCEC5274CB78C00E7964B /* XDiscoverController.m in Sources */ = {isa = PBXBuildFile; fileRef = 183FCEC4274CB78C00E7964B /* XDiscoverController.m */; };
		183FCEC8274CB7A100E7964B /* XMessageController.m in Sources */ = {isa = PBXBuildFile; fileRef = 183FCEC7274CB7A100E7964B /* XMessageController.m */; };
		183FCECB274CB7AF00E7964B /* XProfileController.m in Sources */ = {isa = PBXBuildFile; fileRef = 183FCECA274CB7AF00E7964B /* XProfileController.m */; };
		1845770727BBBF9600B254C7 /* XSecondVC.m in Sources */ = {isa = PBXBuildFile; fileRef = 1845770527BBBF9500B254C7 /* XSecondVC.m */; };
		1845770827BBBF9600B254C7 /* XSecondVC.xib in Resources */ = {isa = PBXBuildFile; fileRef = 1845770627BBBF9500B254C7 /* XSecondVC.xib */; };
		1845770C27BBCF1900B254C7 /* XThirdVC.m in Sources */ = {isa = PBXBuildFile; fileRef = 1845770A27BBCF1900B254C7 /* XThirdVC.m */; };
		1845770D27BBCF1900B254C7 /* XThirdVC.xib in Resources */ = {isa = PBXBuildFile; fileRef = 1845770B27BBCF1900B254C7 /* XThirdVC.xib */; };
		18466971278527E50013A769 /* XDemoVC.m in Sources */ = {isa = PBXBuildFile; fileRef = 18466970278527E50013A769 /* XDemoVC.m */; };
		18512A3027D9916800E55641 /* 01foods.plist in Resources */ = {isa = PBXBuildFile; fileRef = 18512A2F27D9916800E55641 /* 01foods.plist */; };
		186D73CE27D4AA8B00D3C102 /* UIButton+XExtension.m in Sources */ = {isa = PBXBuildFile; fileRef = 186D73CD27D4AA8B00D3C102 /* UIButton+XExtension.m */; };
		187A8CE027D8DAF900F7986E /* XRandomPickFoof.m in Sources */ = {isa = PBXBuildFile; fileRef = 187A8CDE27D8DAF900F7986E /* XRandomPickFoof.m */; };
		187A8CE127D8DAF900F7986E /* XRandomPickFoof.xib in Resources */ = {isa = PBXBuildFile; fileRef = 187A8CDF27D8DAF900F7986E /* XRandomPickFoof.xib */; };
		187E6139277AAE0B008D01B6 /* XWeatherModel.m in Sources */ = {isa = PBXBuildFile; fileRef = 187E6138277AAE0B008D01B6 /* XWeatherModel.m */; };
		187E613C277AAECF008D01B6 /* mapCode.db in Resources */ = {isa = PBXBuildFile; fileRef = 187E613B277AAECF008D01B6 /* mapCode.db */; };
		187E613F277ADD04008D01B6 /* XSearchDBTool.m in Sources */ = {isa = PBXBuildFile; fileRef = 187E613E277ADD04008D01B6 /* XSearchDBTool.m */; };
		187E6142277AE99D008D01B6 /* XDownWeatherInfo.m in Sources */ = {isa = PBXBuildFile; fileRef = 187E6141277AE99D008D01B6 /* XDownWeatherInfo.m */; };
		1889AD2027D1AC8700906A10 /* Model.xcdatamodeld in Sources */ = {isa = PBXBuildFile; fileRef = 1889AD1E27D1AC8700906A10 /* Model.xcdatamodeld */; };
		1894489927840EA50051148F /* XVCTools.m in Sources */ = {isa = PBXBuildFile; fileRef = 1894489827840EA50051148F /* XVCTools.m */; };
		1894489F278448B20051148F /* XWeatherHome.m in Sources */ = {isa = PBXBuildFile; fileRef = 1894489E278448B20051148F /* XWeatherHome.m */; };
		189C48BA274F1C85003A5203 /* XTabBar.m in Sources */ = {isa = PBXBuildFile; fileRef = 189C48B9274F1C85003A5203 /* XTabBar.m */; };
		189C48BE274F71BF003A5203 /* X2Controller.m in Sources */ = {isa = PBXBuildFile; fileRef = 189C48BD274F71BF003A5203 /* X2Controller.m */; };
		189C48C3274F86D0003A5203 /* X3Controller.m in Sources */ = {isa = PBXBuildFile; fileRef = 189C48C2274F86D0003A5203 /* X3Controller.m */; };
		189C48C6274F896A003A5203 /* X4Controller.m in Sources */ = {isa = PBXBuildFile; fileRef = 189C48C5274F896A003A5203 /* X4Controller.m */; };
		189C48C9274F897B003A5203 /* X5Controller.m in Sources */ = {isa = PBXBuildFile; fileRef = 189C48C8274F897A003A5203 /* X5Controller.m */; };
		18C701A3277477770023F6CF /* X1-1ViewController.m in Sources */ = {isa = PBXBuildFile; fileRef = 18C701A2277477770023F6CF /* X1-1ViewController.m */; };
		18C701A62774778A0023F6CF /* X1-2ViewController.m in Sources */ = {isa = PBXBuildFile; fileRef = 18C701A52774778A0023F6CF /* X1-2ViewController.m */; };
		18CA83A9278C24A300678768 /* city.plist in Resources */ = {isa = PBXBuildFile; fileRef = 18CA83A8278C24A300678768 /* city.plist */; };
		18CA83AC278ED48E00678768 /* XImagePickCV.m in Sources */ = {isa = PBXBuildFile; fileRef = 18CA83AB278ED48E00678768 /* XImagePickCV.m */; };
		18CFEBAB2778451A00C1C19F /* XNetCell.m in Sources */ = {isa = PBXBuildFile; fileRef = 18CFEBAA2778451A00C1C19F /* XNetCell.m */; };
		18D398EB277707CA00B24617 /* XWeather.m in Sources */ = {isa = PBXBuildFile; fileRef = 18D398EA277707CA00B24617 /* XWeather.m */; };
		18D398EF27770D1A00B24617 /* Xstatus.m in Sources */ = {isa = PBXBuildFile; fileRef = 18D398EE27770D1A00B24617 /* Xstatus.m */; };
		18DA95FD277D9E78006EA15B /* CoreLocation.framework in Frameworks */ = {isa = PBXBuildFile; fileRef = 18DA95FC277D9E78006EA15B /* CoreLocation.framework */; };
		F49F64E925E5C5864BF3D5A7 /* Pods_UILearn.framework in Frameworks */ = {isa = PBXBuildFile; fileRef = D8C4056681A7530EE561D493 /* Pods_UILearn.framework */; };
/* End PBXBuildFile section */

/* Begin PBXContainerItemProxy section */
		183FCE97274C8D4000E7964B /* PBXContainerItemProxy */ = {
			isa = PBXContainerItemProxy;
			containerPortal = 183FCE73274C8D3B00E7964B /* Project object */;
			proxyType = 1;
			remoteGlobalIDString = 183FCE7A274C8D3B00E7964B;
			remoteInfo = UILearn;
		};
		183FCEA2274C8D4000E7964B /* PBXContainerItemProxy */ = {
			isa = PBXContainerItemProxy;
			containerPortal = 183FCE73274C8D3B00E7964B /* Project object */;
			proxyType = 1;
			remoteGlobalIDString = 183FCE7A274C8D3B00E7964B;
			remoteInfo = UILearn;
		};
/* End PBXContainerItemProxy section */

/* Begin PBXFileReference section */
		020F0D5775AD5F700D975935 /* Pods_UILearnTests.framework */ = {isa = PBXFileReference; explicitFileType = wrapper.framework; includeInIndex = 0; path = Pods_UILearnTests.framework; sourceTree = BUILT_PRODUCTS_DIR; };
		1819F1ED277953C100F79694 /* XNetModel.h */ = {isa = PBXFileReference; lastKnownFileType = sourcecode.c.h; path = XNetModel.h; sourceTree = "<group>"; };
		1819F1EE277953C100F79694 /* XNetModel.m */ = {isa = PBXFileReference; lastKnownFileType = sourcecode.c.objc; path = XNetModel.m; sourceTree = "<group>"; };
		181DBECC27BCCF7B005D5EBB /* XDeleFirstVC.h */ = {isa = PBXFileReference; lastKnownFileType = sourcecode.c.h; path = XDeleFirstVC.h; sourceTree = "<group>"; };
		181DBECD27BCCF7B005D5EBB /* XDeleFirstVC.m */ = {isa = PBXFileReference; lastKnownFileType = sourcecode.c.objc; path = XDeleFirstVC.m; sourceTree = "<group>"; };
		181DBECE27BCCF7B005D5EBB /* XDeleFirstVC.xib */ = {isa = PBXFileReference; lastKnownFileType = file.xib; path = XDeleFirstVC.xib; sourceTree = "<group>"; };
		181DBED127BCCF9B005D5EBB /* XDeleSecondVC.h */ = {isa = PBXFileReference; lastKnownFileType = sourcecode.c.h; path = XDeleSecondVC.h; sourceTree = "<group>"; };
		181DBED227BCCF9B005D5EBB /* XDeleSecondVC.m */ = {isa = PBXFileReference; lastKnownFileType = sourcecode.c.objc; path = XDeleSecondVC.m; sourceTree = "<group>"; };
		181DBED327BCCF9B005D5EBB /* XDeleSecondVC.xib */ = {isa = PBXFileReference; lastKnownFileType = file.xib; path = XDeleSecondVC.xib; sourceTree = "<group>"; };
		1827E8D427D1EC3500E6ECDA /* Model 2.xcdatamodel */ = {isa = PBXFileReference; lastKnownFileType = wrapper.xcdatamodel; path = "Model 2.xcdatamodel"; sourceTree = "<group>"; };
		182D67562750B9C7001411AA /* XHomeCell.h */ = {isa = PBXFileReference; lastKnownFileType = sourcecode.c.h; path = XHomeCell.h; sourceTree = "<group>"; };
		182D67572750B9C7001411AA /* XHomeCell.m */ = {isa = PBXFileReference; lastKnownFileType = sourcecode.c.objc; path = XHomeCell.m; sourceTree = "<group>"; };
		182D675B2750BAAF001411AA /* XHomeableViewController.h */ = {isa = PBXFileReference; lastKnownFileType = sourcecode.c.h; path = XHomeableViewController.h; sourceTree = "<group>"; };
		182D675C2750BAAF001411AA /* XHomeableViewController.m */ = {isa = PBXFileReference; lastKnownFileType = sourcecode.c.objc; path = XHomeableViewController.m; sourceTree = "<group>"; };
		183FCE7B274C8D3B00E7964B /* UILearn.app */ = {isa = PBXFileReference; explicitFileType = wrapper.application; includeInIndex = 0; path = UILearn.app; sourceTree = BUILT_PRODUCTS_DIR; };
		183FCE7E274C8D3B00E7964B /* AppDelegate.h */ = {isa = PBXFileReference; lastKnownFileType = sourcecode.c.h; path = AppDelegate.h; sourceTree = "<group>"; };
		183FCE7F274C8D3B00E7964B /* AppDelegate.m */ = {isa = PBXFileReference; lastKnownFileType = sourcecode.c.objc; path = AppDelegate.m; sourceTree = "<group>"; };
		183FCE81274C8D3B00E7964B /* SceneDelegate.h */ = {isa = PBXFileReference; lastKnownFileType = sourcecode.c.h; path = SceneDelegate.h; sourceTree = "<group>"; };
		183FCE82274C8D3B00E7964B /* SceneDelegate.m */ = {isa = PBXFileReference; lastKnownFileType = sourcecode.c.objc; path = SceneDelegate.m; sourceTree = "<group>"; };
		183FCE84274C8D3B00E7964B /* ViewController.h */ = {isa = PBXFileReference; lastKnownFileType = sourcecode.c.h; path = ViewController.h; sourceTree = "<group>"; };
		183FCE85274C8D3B00E7964B /* ViewController.m */ = {isa = PBXFileReference; lastKnownFileType = sourcecode.c.objc; path = ViewController.m; sourceTree = "<group>"; };
		183FCE88274C8D3B00E7964B /* Base */ = {isa = PBXFileReference; lastKnownFileType = file.storyboard; name = Base; path = Base.lproj/Main.storyboard; sourceTree = "<group>"; };
		183FCE8A274C8D3F00E7964B /* Assets.xcassets */ = {isa = PBXFileReference; lastKnownFileType = folder.assetcatalog; path = Assets.xcassets; sourceTree = "<group>"; };
		183FCE8D274C8D3F00E7964B /* Base */ = {isa = PBXFileReference; lastKnownFileType = file.storyboard; name = Base; path = Base.lproj/LaunchScreen.storyboard; sourceTree = "<group>"; };
		183FCE8F274C8D3F00E7964B /* Info.plist */ = {isa = PBXFileReference; lastKnownFileType = text.plist.xml; path = Info.plist; sourceTree = "<group>"; };
		183FCE90274C8D3F00E7964B /* main.m */ = {isa = PBXFileReference; lastKnownFileType = sourcecode.c.objc; path = main.m; sourceTree = "<group>"; };
		183FCE96274C8D4000E7964B /* UILearnTests.xctest */ = {isa = PBXFileReference; explicitFileType = wrapper.cfbundle; includeInIndex = 0; path = UILearnTests.xctest; sourceTree = BUILT_PRODUCTS_DIR; };
		183FCE9A274C8D4000E7964B /* UILearnTests.m */ = {isa = PBXFileReference; lastKnownFileType = sourcecode.c.objc; path = UILearnTests.m; sourceTree = "<group>"; };
		183FCE9C274C8D4000E7964B /* Info.plist */ = {isa = PBXFileReference; lastKnownFileType = text.plist.xml; path = Info.plist; sourceTree = "<group>"; };
		183FCEA1274C8D4000E7964B /* UILearnUITests.xctest */ = {isa = PBXFileReference; explicitFileType = wrapper.cfbundle; includeInIndex = 0; path = UILearnUITests.xctest; sourceTree = BUILT_PRODUCTS_DIR; };
		183FCEA5274C8D4000E7964B /* UILearnUITests.m */ = {isa = PBXFileReference; lastKnownFileType = sourcecode.c.objc; path = UILearnUITests.m; sourceTree = "<group>"; };
		183FCEA7274C8D4000E7964B /* Info.plist */ = {isa = PBXFileReference; lastKnownFileType = text.plist.xml; path = Info.plist; sourceTree = "<group>"; };
		183FCEB4274C947E00E7964B /* NavigationController.h */ = {isa = PBXFileReference; lastKnownFileType = sourcecode.c.h; path = NavigationController.h; sourceTree = "<group>"; };
		183FCEB5274C947E00E7964B /* NavigationController.m */ = {isa = PBXFileReference; lastKnownFileType = sourcecode.c.objc; path = NavigationController.m; sourceTree = "<group>"; };
		183FCEB7274C970700E7964B /* TabBarController.h */ = {isa = PBXFileReference; lastKnownFileType = sourcecode.c.h; path = TabBarController.h; sourceTree = "<group>"; };
		183FCEB8274C970700E7964B /* TabBarController.m */ = {isa = PBXFileReference; lastKnownFileType = sourcecode.c.objc; path = TabBarController.m; sourceTree = "<group>"; };
		183FCEC0274CB77300E7964B /* XHomeController.h */ = {isa = PBXFileReference; lastKnownFileType = sourcecode.c.h; path = XHomeController.h; sourceTree = "<group>"; };
		183FCEC1274CB77300E7964B /* XHomeController.m */ = {isa = PBXFileReference; lastKnownFileType = sourcecode.c.objc; path = XHomeController.m; sourceTree = "<group>"; };
		183FCEC3274CB78C00E7964B /* XDiscoverController.h */ = {isa = PBXFileReference; lastKnownFileType = sourcecode.c.h; path = XDiscoverController.h; sourceTree = "<group>"; };
		183FCEC4274CB78C00E7964B /* XDiscoverController.m */ = {isa = PBXFileReference; lastKnownFileType = sourcecode.c.objc; path = XDiscoverController.m; sourceTree = "<group>"; };
		183FCEC6274CB7A100E7964B /* XMessageController.h */ = {isa = PBXFileReference; lastKnownFileType = sourcecode.c.h; path = XMessageController.h; sourceTree = "<group>"; };
		183FCEC7274CB7A100E7964B /* XMessageController.m */ = {isa = PBXFileReference; lastKnownFileType = sourcecode.c.objc; path = XMessageController.m; sourceTree = "<group>"; };
		183FCEC9274CB7AF00E7964B /* XProfileController.h */ = {isa = PBXFileReference; lastKnownFileType = sourcecode.c.h; path = XProfileController.h; sourceTree = "<group>"; };
		183FCECA274CB7AF00E7964B /* XProfileController.m */ = {isa = PBXFileReference; lastKnownFileType = sourcecode.c.objc; path = XProfileController.m; sourceTree = "<group>"; };
		1845770427BBBF9500B254C7 /* XSecondVC.h */ = {isa = PBXFileReference; lastKnownFileType = sourcecode.c.h; path = XSecondVC.h; sourceTree = "<group>"; };
		1845770527BBBF9500B254C7 /* XSecondVC.m */ = {isa = PBXFileReference; lastKnownFileType = sourcecode.c.objc; path = XSecondVC.m; sourceTree = "<group>"; };
		1845770627BBBF9500B254C7 /* XSecondVC.xib */ = {isa = PBXFileReference; lastKnownFileType = file.xib; path = XSecondVC.xib; sourceTree = "<group>"; };
		1845770927BBCF1900B254C7 /* XThirdVC.h */ = {isa = PBXFileReference; lastKnownFileType = sourcecode.c.h; path = XThirdVC.h; sourceTree = "<group>"; };
		1845770A27BBCF1900B254C7 /* XThirdVC.m */ = {isa = PBXFileReference; lastKnownFileType = sourcecode.c.objc; path = XThirdVC.m; sourceTree = "<group>"; };
		1845770B27BBCF1900B254C7 /* XThirdVC.xib */ = {isa = PBXFileReference; lastKnownFileType = file.xib; path = XThirdVC.xib; sourceTree = "<group>"; };
		1846696F278527E50013A769 /* XDemoVC.h */ = {isa = PBXFileReference; lastKnownFileType = sourcecode.c.h; path = XDemoVC.h; sourceTree = "<group>"; };
		18466970278527E50013A769 /* XDemoVC.m */ = {isa = PBXFileReference; lastKnownFileType = sourcecode.c.objc; path = XDemoVC.m; sourceTree = "<group>"; };
		18512A2F27D9916800E55641 /* 01foods.plist */ = {isa = PBXFileReference; fileEncoding = 4; lastKnownFileType = text.plist.xml; path = 01foods.plist; sourceTree = "<group>"; };
		186D73CC27D4AA8B00D3C102 /* UIButton+XExtension.h */ = {isa = PBXFileReference; lastKnownFileType = sourcecode.c.h; path = "UIButton+XExtension.h"; sourceTree = "<group>"; };
		186D73CD27D4AA8B00D3C102 /* UIButton+XExtension.m */ = {isa = PBXFileReference; lastKnownFileType = sourcecode.c.objc; path = "UIButton+XExtension.m"; sourceTree = "<group>"; };
		187A8CDD27D8DAF900F7986E /* XRandomPickFoof.h */ = {isa = PBXFileReference; lastKnownFileType = sourcecode.c.h; path = XRandomPickFoof.h; sourceTree = "<group>"; };
		187A8CDE27D8DAF900F7986E /* XRandomPickFoof.m */ = {isa = PBXFileReference; lastKnownFileType = sourcecode.c.objc; path = XRandomPickFoof.m; sourceTree = "<group>"; };
		187A8CDF27D8DAF900F7986E /* XRandomPickFoof.xib */ = {isa = PBXFileReference; lastKnownFileType = file.xib; path = XRandomPickFoof.xib; sourceTree = "<group>"; };
		187E6137277AAE0B008D01B6 /* XWeatherModel.h */ = {isa = PBXFileReference; lastKnownFileType = sourcecode.c.h; path = XWeatherModel.h; sourceTree = "<group>"; };
		187E6138277AAE0B008D01B6 /* XWeatherModel.m */ = {isa = PBXFileReference; lastKnownFileType = sourcecode.c.objc; path = XWeatherModel.m; sourceTree = "<group>"; };
		187E613B277AAECF008D01B6 /* mapCode.db */ = {isa = PBXFileReference; lastKnownFileType = file; path = mapCode.db; sourceTree = "<group>"; };
		187E613D277ADD04008D01B6 /* XSearchDBTool.h */ = {isa = PBXFileReference; lastKnownFileType = sourcecode.c.h; path = XSearchDBTool.h; sourceTree = "<group>"; };
		187E613E277ADD04008D01B6 /* XSearchDBTool.m */ = {isa = PBXFileReference; lastKnownFileType = sourcecode.c.objc; path = XSearchDBTool.m; sourceTree = "<group>"; };
		187E6140277AE99D008D01B6 /* XDownWeatherInfo.h */ = {isa = PBXFileReference; lastKnownFileType = sourcecode.c.h; path = XDownWeatherInfo.h; sourceTree = "<group>"; };
		187E6141277AE99D008D01B6 /* XDownWeatherInfo.m */ = {isa = PBXFileReference; lastKnownFileType = sourcecode.c.objc; path = XDownWeatherInfo.m; sourceTree = "<group>"; };
		1889AD1F27D1AC8700906A10 /* Model.xcdatamodel */ = {isa = PBXFileReference; lastKnownFileType = wrapper.xcdatamodel; path = Model.xcdatamodel; sourceTree = "<group>"; };
		1894489727840EA50051148F /* XVCTools.h */ = {isa = PBXFileReference; lastKnownFileType = sourcecode.c.h; path = XVCTools.h; sourceTree = "<group>"; };
		1894489827840EA50051148F /* XVCTools.m */ = {isa = PBXFileReference; lastKnownFileType = sourcecode.c.objc; path = XVCTools.m; sourceTree = "<group>"; };
		1894489D278448B20051148F /* XWeatherHome.h */ = {isa = PBXFileReference; lastKnownFileType = sourcecode.c.h; path = XWeatherHome.h; sourceTree = "<group>"; };
		1894489E278448B20051148F /* XWeatherHome.m */ = {isa = PBXFileReference; lastKnownFileType = sourcecode.c.objc; path = XWeatherHome.m; sourceTree = "<group>"; };
		189C48B8274F1C85003A5203 /* XTabBar.h */ = {isa = PBXFileReference; lastKnownFileType = sourcecode.c.h; path = XTabBar.h; sourceTree = "<group>"; };
		189C48B9274F1C85003A5203 /* XTabBar.m */ = {isa = PBXFileReference; lastKnownFileType = sourcecode.c.objc; path = XTabBar.m; sourceTree = "<group>"; };
		189C48BC274F71BF003A5203 /* X2Controller.h */ = {isa = PBXFileReference; lastKnownFileType = sourcecode.c.h; path = X2Controller.h; sourceTree = "<group>"; };
		189C48BD274F71BF003A5203 /* X2Controller.m */ = {isa = PBXFileReference; lastKnownFileType = sourcecode.c.objc; path = X2Controller.m; sourceTree = "<group>"; };
		189C48C0274F72B2003A5203 /* PrefixHeader.pch */ = {isa = PBXFileReference; lastKnownFileType = sourcecode.c.h; path = PrefixHeader.pch; sourceTree = "<group>"; };
		189C48C1274F86D0003A5203 /* X3Controller.h */ = {isa = PBXFileReference; lastKnownFileType = sourcecode.c.h; path = X3Controller.h; sourceTree = "<group>"; };
		189C48C2274F86D0003A5203 /* X3Controller.m */ = {isa = PBXFileReference; lastKnownFileType = sourcecode.c.objc; path = X3Controller.m; sourceTree = "<group>"; };
		189C48C4274F896A003A5203 /* X4Controller.h */ = {isa = PBXFileReference; lastKnownFileType = sourcecode.c.h; path = X4Controller.h; sourceTree = "<group>"; };
		189C48C5274F896A003A5203 /* X4Controller.m */ = {isa = PBXFileReference; lastKnownFileType = sourcecode.c.objc; path = X4Controller.m; sourceTree = "<group>"; };
		189C48C7274F897A003A5203 /* X5Controller.h */ = {isa = PBXFileReference; lastKnownFileType = sourcecode.c.h; path = X5Controller.h; sourceTree = "<group>"; };
		189C48C8274F897A003A5203 /* X5Controller.m */ = {isa = PBXFileReference; lastKnownFileType = sourcecode.c.objc; path = X5Controller.m; sourceTree = "<group>"; };
		18C701A1277477770023F6CF /* X1-1ViewController.h */ = {isa = PBXFileReference; lastKnownFileType = sourcecode.c.h; path = "X1-1ViewController.h"; sourceTree = "<group>"; };
		18C701A2277477770023F6CF /* X1-1ViewController.m */ = {isa = PBXFileReference; lastKnownFileType = sourcecode.c.objc; path = "X1-1ViewController.m"; sourceTree = "<group>"; };
		18C701A42774778A0023F6CF /* X1-2ViewController.h */ = {isa = PBXFileReference; lastKnownFileType = sourcecode.c.h; path = "X1-2ViewController.h"; sourceTree = "<group>"; };
		18C701A52774778A0023F6CF /* X1-2ViewController.m */ = {isa = PBXFileReference; lastKnownFileType = sourcecode.c.objc; path = "X1-2ViewController.m"; sourceTree = "<group>"; };
		18CA83A8278C24A300678768 /* city.plist */ = {isa = PBXFileReference; fileEncoding = 4; lastKnownFileType = text.plist.xml; path = city.plist; sourceTree = "<group>"; };
		18CA83AA278ED48E00678768 /* XImagePickCV.h */ = {isa = PBXFileReference; lastKnownFileType = sourcecode.c.h; path = XImagePickCV.h; sourceTree = "<group>"; };
		18CA83AB278ED48E00678768 /* XImagePickCV.m */ = {isa = PBXFileReference; lastKnownFileType = sourcecode.c.objc; path = XImagePickCV.m; sourceTree = "<group>"; };
		18CFEBA92778451A00C1C19F /* XNetCell.h */ = {isa = PBXFileReference; lastKnownFileType = sourcecode.c.h; path = XNetCell.h; sourceTree = "<group>"; };
		18CFEBAA2778451A00C1C19F /* XNetCell.m */ = {isa = PBXFileReference; lastKnownFileType = sourcecode.c.objc; path = XNetCell.m; sourceTree = "<group>"; };
		18D398E9277707CA00B24617 /* XWeather.h */ = {isa = PBXFileReference; lastKnownFileType = sourcecode.c.h; path = XWeather.h; sourceTree = "<group>"; };
		18D398EA277707CA00B24617 /* XWeather.m */ = {isa = PBXFileReference; lastKnownFileType = sourcecode.c.objc; path = XWeather.m; sourceTree = "<group>"; };
		18D398ED27770D1A00B24617 /* Xstatus.h */ = {isa = PBXFileReference; lastKnownFileType = sourcecode.c.h; path = Xstatus.h; sourceTree = "<group>"; };
		18D398EE27770D1A00B24617 /* Xstatus.m */ = {isa = PBXFileReference; lastKnownFileType = sourcecode.c.objc; path = Xstatus.m; sourceTree = "<group>"; };
		18DA95FC277D9E78006EA15B /* CoreLocation.framework */ = {isa = PBXFileReference; lastKnownFileType = wrapper.framework; name = CoreLocation.framework; path = System/Library/Frameworks/CoreLocation.framework; sourceTree = SDKROOT; };
		18F8DD302754660B007BDE85 /* CommonDefine.h */ = {isa = PBXFileReference; fileEncoding = 4; lastKnownFileType = sourcecode.c.h; path = CommonDefine.h; sourceTree = "<group>"; };
		1C730BFEC1173CAF2D9BB8CF /* Pods-UILearn.release.xcconfig */ = {isa = PBXFileReference; includeInIndex = 1; lastKnownFileType = text.xcconfig; name = "Pods-UILearn.release.xcconfig"; path = "Target Support Files/Pods-UILearn/Pods-UILearn.release.xcconfig"; sourceTree = "<group>"; };
		2F9E5044A6A43DA0DE920B07 /* Pods_UILearn_UILearnUITests.framework */ = {isa = PBXFileReference; explicitFileType = wrapper.framework; includeInIndex = 0; path = Pods_UILearn_UILearnUITests.framework; sourceTree = BUILT_PRODUCTS_DIR; };
		453DA9C3AA1560E3700502A8 /* Pods-UILearnTests.release.xcconfig */ = {isa = PBXFileReference; includeInIndex = 1; lastKnownFileType = text.xcconfig; name = "Pods-UILearnTests.release.xcconfig"; path = "Target Support Files/Pods-UILearnTests/Pods-UILearnTests.release.xcconfig"; sourceTree = "<group>"; };
		4AB11C4C87136435BE181840 /* Pods-UILearn-UILearnUITests.debug.xcconfig */ = {isa = PBXFileReference; includeInIndex = 1; lastKnownFileType = text.xcconfig; name = "Pods-UILearn-UILearnUITests.debug.xcconfig"; path = "Target Support Files/Pods-UILearn-UILearnUITests/Pods-UILearn-UILearnUITests.debug.xcconfig"; sourceTree = "<group>"; };
		7AF53E8B5D2A013FA01CCB85 /* Pods-UILearn.debug.xcconfig */ = {isa = PBXFileReference; includeInIndex = 1; lastKnownFileType = text.xcconfig; name = "Pods-UILearn.debug.xcconfig"; path = "Target Support Files/Pods-UILearn/Pods-UILearn.debug.xcconfig"; sourceTree = "<group>"; };
		83D93DB885543EA112F653C7 /* Pods-UILearnTests.debug.xcconfig */ = {isa = PBXFileReference; includeInIndex = 1; lastKnownFileType = text.xcconfig; name = "Pods-UILearnTests.debug.xcconfig"; path = "Target Support Files/Pods-UILearnTests/Pods-UILearnTests.debug.xcconfig"; sourceTree = "<group>"; };
		9AC1BC2C9E6FA10648F55F6D /* Pods-UILearn-UILearnUITests.release.xcconfig */ = {isa = PBXFileReference; includeInIndex = 1; lastKnownFileType = text.xcconfig; name = "Pods-UILearn-UILearnUITests.release.xcconfig"; path = "Target Support Files/Pods-UILearn-UILearnUITests/Pods-UILearn-UILearnUITests.release.xcconfig"; sourceTree = "<group>"; };
		D8C4056681A7530EE561D493 /* Pods_UILearn.framework */ = {isa = PBXFileReference; explicitFileType = wrapper.framework; includeInIndex = 0; path = Pods_UILearn.framework; sourceTree = BUILT_PRODUCTS_DIR; };
/* End PBXFileReference section */

/* Begin PBXFrameworksBuildPhase section */
		183FCE78274C8D3B00E7964B /* Frameworks */ = {
			isa = PBXFrameworksBuildPhase;
			buildActionMask = 2147483647;
			files = (
				18DA95FD277D9E78006EA15B /* CoreLocation.framework in Frameworks */,
				F49F64E925E5C5864BF3D5A7 /* Pods_UILearn.framework in Frameworks */,
			);
			runOnlyForDeploymentPostprocessing = 0;
		};
		183FCE93274C8D4000E7964B /* Frameworks */ = {
			isa = PBXFrameworksBuildPhase;
			buildActionMask = 2147483647;
			files = (
				1658C7467DC92E74296BE1C8 /* Pods_UILearnTests.framework in Frameworks */,
			);
			runOnlyForDeploymentPostprocessing = 0;
		};
		183FCE9E274C8D4000E7964B /* Frameworks */ = {
			isa = PBXFrameworksBuildPhase;
			buildActionMask = 2147483647;
			files = (
				0879AF87896B89868F3ED7AD /* Pods_UILearn_UILearnUITests.framework in Frameworks */,
			);
			runOnlyForDeploymentPostprocessing = 0;
		};
/* End PBXFrameworksBuildPhase section */

/* Begin PBXGroup section */
		181DBED627BCD04B005D5EBB /* Block */ = {
			isa = PBXGroup;
			children = (
				1845770427BBBF9500B254C7 /* XSecondVC.h */,
				1845770527BBBF9500B254C7 /* XSecondVC.m */,
				1845770627BBBF9500B254C7 /* XSecondVC.xib */,
				1845770927BBCF1900B254C7 /* XThirdVC.h */,
				1845770A27BBCF1900B254C7 /* XThirdVC.m */,
				1845770B27BBCF1900B254C7 /* XThirdVC.xib */,
			);
			path = Block;
			sourceTree = "<group>";
		};
		181DBED727BCD05A005D5EBB /* Delegate */ = {
			isa = PBXGroup;
			children = (
				181DBECC27BCCF7B005D5EBB /* XDeleFirstVC.h */,
				181DBECD27BCCF7B005D5EBB /* XDeleFirstVC.m */,
				181DBECE27BCCF7B005D5EBB /* XDeleFirstVC.xib */,
				181DBED127BCCF9B005D5EBB /* XDeleSecondVC.h */,
				181DBED227BCCF9B005D5EBB /* XDeleSecondVC.m */,
				181DBED327BCCF9B005D5EBB /* XDeleSecondVC.xib */,
			);
			path = Delegate;
			sourceTree = "<group>";
		};
		183275C627508F4B00A14080 /* Controller */ = {
			isa = PBXGroup;
			children = (
				183FCEC0274CB77300E7964B /* XHomeController.h */,
				183FCEC1274CB77300E7964B /* XHomeController.m */,
				189C48BC274F71BF003A5203 /* X2Controller.h */,
				189C48BD274F71BF003A5203 /* X2Controller.m */,
				18C701A1277477770023F6CF /* X1-1ViewController.h */,
				18C701A2277477770023F6CF /* X1-1ViewController.m */,
				18C701A42774778A0023F6CF /* X1-2ViewController.h */,
				18C701A52774778A0023F6CF /* X1-2ViewController.m */,
				189C48C1274F86D0003A5203 /* X3Controller.h */,
				189C48C2274F86D0003A5203 /* X3Controller.m */,
				189C48C4274F896A003A5203 /* X4Controller.h */,
				189C48C5274F896A003A5203 /* X4Controller.m */,
				189C48C7274F897A003A5203 /* X5Controller.h */,
				189C48C8274F897A003A5203 /* X5Controller.m */,
				182D675B2750BAAF001411AA /* XHomeableViewController.h */,
				182D675C2750BAAF001411AA /* XHomeableViewController.m */,
			);
			path = Controller;
			sourceTree = "<group>";
		};
		183275C727508F6500A14080 /* Views */ = {
			isa = PBXGroup;
			children = (
				182D67562750B9C7001411AA /* XHomeCell.h */,
				182D67572750B9C7001411AA /* XHomeCell.m */,
			);
			path = Views;
			sourceTree = "<group>";
		};
		183275C827508F6F00A14080 /* Model */ = {
			isa = PBXGroup;
			children = (
			);
			path = Model;
			sourceTree = "<group>";
		};
		183FCE72274C8D3B00E7964B = {
			isa = PBXGroup;
			children = (
				183FCE7D274C8D3B00E7964B /* UILearn */,
				183FCE99274C8D4000E7964B /* UILearnTests */,
				183FCEA4274C8D4000E7964B /* UILearnUITests */,
				183FCE7C274C8D3B00E7964B /* Products */,
				FE84A2F37B93F6D06983C373 /* Pods */,
				1C86BFD7F16CA6764E8918D9 /* Frameworks */,
			);
			sourceTree = "<group>";
		};
		183FCE7C274C8D3B00E7964B /* Products */ = {
			isa = PBXGroup;
			children = (
				183FCE7B274C8D3B00E7964B /* UILearn.app */,
				183FCE96274C8D4000E7964B /* UILearnTests.xctest */,
				183FCEA1274C8D4000E7964B /* UILearnUITests.xctest */,
			);
			name = Products;
			sourceTree = "<group>";
		};
		183FCE7D274C8D3B00E7964B /* UILearn */ = {
			isa = PBXGroup;
			children = (
				186D73CB27D4AA5900D3C102 /* category */,
				187E613A277AAEA0008D01B6 /* Resource */,
				189C48BF274F7214003A5203 /* Tools */,
				183FCEBB274CB68000E7964B /* component */,
				183FCEBA274C970D00E7964B /* BaseController */,
				189C48BB274F1CEE003A5203 /* BaseView */,
				183FCEB3274C93CB00E7964B /* AppDelegate */,
				183FCE84274C8D3B00E7964B /* ViewController.h */,
				183FCE85274C8D3B00E7964B /* ViewController.m */,
				183FCE87274C8D3B00E7964B /* Main.storyboard */,
				183FCE8A274C8D3F00E7964B /* Assets.xcassets */,
				183FCE8C274C8D3F00E7964B /* LaunchScreen.storyboard */,
				183FCE8F274C8D3F00E7964B /* Info.plist */,
			);
			path = UILearn;
			sourceTree = "<group>";
		};
		183FCE99274C8D4000E7964B /* UILearnTests */ = {
			isa = PBXGroup;
			children = (
				183FCE9A274C8D4000E7964B /* UILearnTests.m */,
				183FCE9C274C8D4000E7964B /* Info.plist */,
			);
			path = UILearnTests;
			sourceTree = "<group>";
		};
		183FCEA4274C8D4000E7964B /* UILearnUITests */ = {
			isa = PBXGroup;
			children = (
				183FCEA5274C8D4000E7964B /* UILearnUITests.m */,
				183FCEA7274C8D4000E7964B /* Info.plist */,
			);
			path = UILearnUITests;
			sourceTree = "<group>";
		};
		183FCEB3274C93CB00E7964B /* AppDelegate */ = {
			isa = PBXGroup;
			children = (
				183FCE81274C8D3B00E7964B /* SceneDelegate.h */,
				183FCE82274C8D3B00E7964B /* SceneDelegate.m */,
				183FCE90274C8D3F00E7964B /* main.m */,
				183FCE7E274C8D3B00E7964B /* AppDelegate.h */,
				183FCE7F274C8D3B00E7964B /* AppDelegate.m */,
			);
			path = AppDelegate;
			sourceTree = "<group>";
		};
		183FCEBA274C970D00E7964B /* BaseController */ = {
			isa = PBXGroup;
			children = (
				183FCEB4274C947E00E7964B /* NavigationController.h */,
				183FCEB5274C947E00E7964B /* NavigationController.m */,
				183FCEB7274C970700E7964B /* TabBarController.h */,
				183FCEB8274C970700E7964B /* TabBarController.m */,
			);
			path = BaseController;
			sourceTree = "<group>";
		};
		183FCEBB274CB68000E7964B /* component */ = {
			isa = PBXGroup;
			children = (
				187A8CDC27D8DAA500F7986E /* 1RandomPickFood */,
				183FCEBC274CB6B500E7964B /* Home */,
				183FCEBE274CB6D500E7964B /* Weather */,
				183FCEBD274CB6C800E7964B /* Discover */,
				183FCEBF274CB6E000E7964B /* profile */,
			);
			path = component;
			sourceTree = "<group>";
		};
		183FCEBC274CB6B500E7964B /* Home */ = {
			isa = PBXGroup;
			children = (
				183275C627508F4B00A14080 /* Controller */,
				183275C727508F6500A14080 /* Views */,
				183275C827508F6F00A14080 /* Model */,
			);
			path = Home;
			sourceTree = "<group>";
		};
		183FCEBD274CB6C800E7964B /* Discover */ = {
			isa = PBXGroup;
			children = (
				181DBED727BCD05A005D5EBB /* Delegate */,
				181DBED627BCD04B005D5EBB /* Block */,
				183FCEC3274CB78C00E7964B /* XDiscoverController.h */,
				183FCEC4274CB78C00E7964B /* XDiscoverController.m */,
			);
			path = Discover;
			sourceTree = "<group>";
		};
		183FCEBE274CB6D500E7964B /* Weather */ = {
			isa = PBXGroup;
			children = (
				187E6133277AABED008D01B6 /* Controller */,
				18CFEBA8277844F500C1C19F /* View */,
				18D398EC27770B4F00B24617 /* Model */,
			);
			path = Weather;
			sourceTree = "<group>";
		};
		183FCEBF274CB6E000E7964B /* profile */ = {
			isa = PBXGroup;
			children = (
				1889AD2127D1B36B00906A10 /* magicalRecord */,
				183FCEC9274CB7AF00E7964B /* XProfileController.h */,
				183FCECA274CB7AF00E7964B /* XProfileController.m */,
				1846696F278527E50013A769 /* XDemoVC.h */,
				18466970278527E50013A769 /* XDemoVC.m */,
				18CA83AA278ED48E00678768 /* XImagePickCV.h */,
				18CA83AB278ED48E00678768 /* XImagePickCV.m */,
				1889AD1E27D1AC8700906A10 /* Model.xcdatamodeld */,
			);
			path = profile;
			sourceTree = "<group>";
		};
		186D73CB27D4AA5900D3C102 /* category */ = {
			isa = PBXGroup;
			children = (
				186D73CC27D4AA8B00D3C102 /* UIButton+XExtension.h */,
				186D73CD27D4AA8B00D3C102 /* UIButton+XExtension.m */,
			);
			path = category;
			sourceTree = "<group>";
		};
		187A8CDC27D8DAA500F7986E /* 1RandomPickFood */ = {
			isa = PBXGroup;
			children = (
				187A8CDD27D8DAF900F7986E /* XRandomPickFoof.h */,
				187A8CDE27D8DAF900F7986E /* XRandomPickFoof.m */,
				187A8CDF27D8DAF900F7986E /* XRandomPickFoof.xib */,
			);
			path = 1RandomPickFood;
			sourceTree = "<group>";
		};
		187E6133277AABED008D01B6 /* Controller */ = {
			isa = PBXGroup;
			children = (
				1894489D278448B20051148F /* XWeatherHome.h */,
				1894489E278448B20051148F /* XWeatherHome.m */,
				183FCEC6274CB7A100E7964B /* XMessageController.h */,
				183FCEC7274CB7A100E7964B /* XMessageController.m */,
				187E6140277AE99D008D01B6 /* XDownWeatherInfo.h */,
				187E6141277AE99D008D01B6 /* XDownWeatherInfo.m */,
			);
			path = Controller;
			sourceTree = "<group>";
		};
		187E613A277AAEA0008D01B6 /* Resource */ = {
			isa = PBXGroup;
			children = (
				18512A2F27D9916800E55641 /* 01foods.plist */,
				18CA83A8278C24A300678768 /* city.plist */,
				187E613B277AAECF008D01B6 /* mapCode.db */,
			);
			path = Resource;
			sourceTree = "<group>";
		};
		1889AD2127D1B36B00906A10 /* magicalRecord */ = {
			isa = PBXGroup;
			children = (
			);
			path = magicalRecord;
			sourceTree = "<group>";
		};
		189C48BB274F1CEE003A5203 /* BaseView */ = {
			isa = PBXGroup;
			children = (
				189C48B8274F1C85003A5203 /* XTabBar.h */,
				189C48B9274F1C85003A5203 /* XTabBar.m */,
			);
			path = BaseView;
			sourceTree = "<group>";
		};
		189C48BF274F7214003A5203 /* Tools */ = {
			isa = PBXGroup;
			children = (
				189C48C0274F72B2003A5203 /* PrefixHeader.pch */,
				18F8DD302754660B007BDE85 /* CommonDefine.h */,
				187E613D277ADD04008D01B6 /* XSearchDBTool.h */,
				187E613E277ADD04008D01B6 /* XSearchDBTool.m */,
				1894489727840EA50051148F /* XVCTools.h */,
				1894489827840EA50051148F /* XVCTools.m */,
			);
			path = Tools;
			sourceTree = "<group>";
		};
		18CFEBA8277844F500C1C19F /* View */ = {
			isa = PBXGroup;
			children = (
				18CFEBA92778451A00C1C19F /* XNetCell.h */,
				18CFEBAA2778451A00C1C19F /* XNetCell.m */,
			);
			path = View;
			sourceTree = "<group>";
		};
		18D398EC27770B4F00B24617 /* Model */ = {
			isa = PBXGroup;
			children = (
				18D398E9277707CA00B24617 /* XWeather.h */,
				18D398EA277707CA00B24617 /* XWeather.m */,
				18D398ED27770D1A00B24617 /* Xstatus.h */,
				18D398EE27770D1A00B24617 /* Xstatus.m */,
				1819F1ED277953C100F79694 /* XNetModel.h */,
				1819F1EE277953C100F79694 /* XNetModel.m */,
				187E6137277AAE0B008D01B6 /* XWeatherModel.h */,
				187E6138277AAE0B008D01B6 /* XWeatherModel.m */,
			);
			path = Model;
			sourceTree = "<group>";
		};
		1C86BFD7F16CA6764E8918D9 /* Frameworks */ = {
			isa = PBXGroup;
			children = (
				18DA95FC277D9E78006EA15B /* CoreLocation.framework */,
				D8C4056681A7530EE561D493 /* Pods_UILearn.framework */,
				2F9E5044A6A43DA0DE920B07 /* Pods_UILearn_UILearnUITests.framework */,
				020F0D5775AD5F700D975935 /* Pods_UILearnTests.framework */,
			);
			name = Frameworks;
			sourceTree = "<group>";
		};
		FE84A2F37B93F6D06983C373 /* Pods */ = {
			isa = PBXGroup;
			children = (
				7AF53E8B5D2A013FA01CCB85 /* Pods-UILearn.debug.xcconfig */,
				1C730BFEC1173CAF2D9BB8CF /* Pods-UILearn.release.xcconfig */,
				4AB11C4C87136435BE181840 /* Pods-UILearn-UILearnUITests.debug.xcconfig */,
				9AC1BC2C9E6FA10648F55F6D /* Pods-UILearn-UILearnUITests.release.xcconfig */,
				83D93DB885543EA112F653C7 /* Pods-UILearnTests.debug.xcconfig */,
				453DA9C3AA1560E3700502A8 /* Pods-UILearnTests.release.xcconfig */,
			);
			path = Pods;
			sourceTree = "<group>";
		};
/* End PBXGroup section */

/* Begin PBXNativeTarget section */
		183FCE7A274C8D3B00E7964B /* UILearn */ = {
			isa = PBXNativeTarget;
			buildConfigurationList = 183FCEAA274C8D4000E7964B /* Build configuration list for PBXNativeTarget "UILearn" */;
			buildPhases = (
				CFF812776859015B803D91D7 /* [CP] Check Pods Manifest.lock */,
				183FCE77274C8D3B00E7964B /* Sources */,
				183FCE78274C8D3B00E7964B /* Frameworks */,
				183FCE79274C8D3B00E7964B /* Resources */,
				C069387C2274AD5C5A115B0D /* [CP] Embed Pods Frameworks */,
			);
			buildRules = (
			);
			dependencies = (
			);
			name = UILearn;
			productName = UILearn;
			productReference = 183FCE7B274C8D3B00E7964B /* UILearn.app */;
			productType = "com.apple.product-type.application";
		};
		183FCE95274C8D4000E7964B /* UILearnTests */ = {
			isa = PBXNativeTarget;
			buildConfigurationList = 183FCEAD274C8D4000E7964B /* Build configuration list for PBXNativeTarget "UILearnTests" */;
			buildPhases = (
				6A11D2E97163128388A24CC2 /* [CP] Check Pods Manifest.lock */,
				183FCE92274C8D4000E7964B /* Sources */,
				183FCE93274C8D4000E7964B /* Frameworks */,
				183FCE94274C8D4000E7964B /* Resources */,
			);
			buildRules = (
			);
			dependencies = (
				183FCE98274C8D4000E7964B /* PBXTargetDependency */,
			);
			name = UILearnTests;
			productName = UILearnTests;
			productReference = 183FCE96274C8D4000E7964B /* UILearnTests.xctest */;
			productType = "com.apple.product-type.bundle.unit-test";
		};
		183FCEA0274C8D4000E7964B /* UILearnUITests */ = {
			isa = PBXNativeTarget;
			buildConfigurationList = 183FCEB0274C8D4000E7964B /* Build configuration list for PBXNativeTarget "UILearnUITests" */;
			buildPhases = (
				6F41EE3885AF8563B1119A86 /* [CP] Check Pods Manifest.lock */,
				183FCE9D274C8D4000E7964B /* Sources */,
				183FCE9E274C8D4000E7964B /* Frameworks */,
				183FCE9F274C8D4000E7964B /* Resources */,
				2852F9569AD30F782A506E63 /* [CP] Embed Pods Frameworks */,
			);
			buildRules = (
			);
			dependencies = (
				183FCEA3274C8D4000E7964B /* PBXTargetDependency */,
			);
			name = UILearnUITests;
			productName = UILearnUITests;
			productReference = 183FCEA1274C8D4000E7964B /* UILearnUITests.xctest */;
			productType = "com.apple.product-type.bundle.ui-testing";
		};
/* End PBXNativeTarget section */

/* Begin PBXProject section */
		183FCE73274C8D3B00E7964B /* Project object */ = {
			isa = PBXProject;
			attributes = {
				CLASSPREFIX = X;
				LastUpgradeCheck = 1310;
				TargetAttributes = {
					183FCE7A274C8D3B00E7964B = {
						CreatedOnToolsVersion = 12.5.1;
					};
					183FCE95274C8D4000E7964B = {
						CreatedOnToolsVersion = 12.5.1;
						TestTargetID = 183FCE7A274C8D3B00E7964B;
					};
					183FCEA0274C8D4000E7964B = {
						CreatedOnToolsVersion = 12.5.1;
						TestTargetID = 183FCE7A274C8D3B00E7964B;
					};
				};
			};
			buildConfigurationList = 183FCE76274C8D3B00E7964B /* Build configuration list for PBXProject "UILearn" */;
			compatibilityVersion = "Xcode 9.3";
			developmentRegion = en;
			hasScannedForEncodings = 0;
			knownRegions = (
				en,
				Base,
			);
			mainGroup = 183FCE72274C8D3B00E7964B;
			productRefGroup = 183FCE7C274C8D3B00E7964B /* Products */;
			projectDirPath = "";
			projectRoot = "";
			targets = (
				183FCE7A274C8D3B00E7964B /* UILearn */,
				183FCE95274C8D4000E7964B /* UILearnTests */,
				183FCEA0274C8D4000E7964B /* UILearnUITests */,
			);
		};
/* End PBXProject section */

/* Begin PBXResourcesBuildPhase section */
		183FCE79274C8D3B00E7964B /* Resources */ = {
			isa = PBXResourcesBuildPhase;
			buildActionMask = 2147483647;
			files = (
				183FCE8E274C8D3F00E7964B /* LaunchScreen.storyboard in Resources */,
				18512A3027D9916800E55641 /* 01foods.plist in Resources */,
				181DBED527BCCF9B005D5EBB /* XDeleSecondVC.xib in Resources */,
				183FCE8B274C8D3F00E7964B /* Assets.xcassets in Resources */,
				1845770D27BBCF1900B254C7 /* XThirdVC.xib in Resources */,
				18CA83A9278C24A300678768 /* city.plist in Resources */,
				181DBED027BCCF7B005D5EBB /* XDeleFirstVC.xib in Resources */,
				187A8CE127D8DAF900F7986E /* XRandomPickFoof.xib in Resources */,
				1845770827BBBF9600B254C7 /* XSecondVC.xib in Resources */,
				183FCE89274C8D3B00E7964B /* Main.storyboard in Resources */,
				187E613C277AAECF008D01B6 /* mapCode.db in Resources */,
			);
			runOnlyForDeploymentPostprocessing = 0;
		};
		183FCE94274C8D4000E7964B /* Resources */ = {
			isa = PBXResourcesBuildPhase;
			buildActionMask = 2147483647;
			files = (
			);
			runOnlyForDeploymentPostprocessing = 0;
		};
		183FCE9F274C8D4000E7964B /* Resources */ = {
			isa = PBXResourcesBuildPhase;
			buildActionMask = 2147483647;
			files = (
			);
			runOnlyForDeploymentPostprocessing = 0;
		};
/* End PBXResourcesBuildPhase section */

/* Begin PBXShellScriptBuildPhase section */
		2852F9569AD30F782A506E63 /* [CP] Embed Pods Frameworks */ = {
			isa = PBXShellScriptBuildPhase;
			buildActionMask = 2147483647;
			files = (
			);
			inputFileListPaths = (
				"${PODS_ROOT}/Target Support Files/Pods-UILearn-UILearnUITests/Pods-UILearn-UILearnUITests-frameworks-${CONFIGURATION}-input-files.xcfilelist",
			);
			name = "[CP] Embed Pods Frameworks";
			outputFileListPaths = (
				"${PODS_ROOT}/Target Support Files/Pods-UILearn-UILearnUITests/Pods-UILearn-UILearnUITests-frameworks-${CONFIGURATION}-output-files.xcfilelist",
			);
			runOnlyForDeploymentPostprocessing = 0;
			shellPath = /bin/sh;
			shellScript = "\"${PODS_ROOT}/Target Support Files/Pods-UILearn-UILearnUITests/Pods-UILearn-UILearnUITests-frameworks.sh\"\n";
			showEnvVarsInLog = 0;
		};
		6A11D2E97163128388A24CC2 /* [CP] Check Pods Manifest.lock */ = {
			isa = PBXShellScriptBuildPhase;
			buildActionMask = 2147483647;
			files = (
			);
			inputFileListPaths = (
			);
			inputPaths = (
				"${PODS_PODFILE_DIR_PATH}/Podfile.lock",
				"${PODS_ROOT}/Manifest.lock",
			);
			name = "[CP] Check Pods Manifest.lock";
			outputFileListPaths = (
			);
			outputPaths = (
				"$(DERIVED_FILE_DIR)/Pods-UILearnTests-checkManifestLockResult.txt",
			);
			runOnlyForDeploymentPostprocessing = 0;
			shellPath = /bin/sh;
			shellScript = "diff \"${PODS_PODFILE_DIR_PATH}/Podfile.lock\" \"${PODS_ROOT}/Manifest.lock\" > /dev/null\nif [ $? != 0 ] ; then\n    # print error to STDERR\n    echo \"error: The sandbox is not in sync with the Podfile.lock. Run 'pod install' or update your CocoaPods installation.\" >&2\n    exit 1\nfi\n# This output is used by Xcode 'outputs' to avoid re-running this script phase.\necho \"SUCCESS\" > \"${SCRIPT_OUTPUT_FILE_0}\"\n";
			showEnvVarsInLog = 0;
		};
		6F41EE3885AF8563B1119A86 /* [CP] Check Pods Manifest.lock */ = {
			isa = PBXShellScriptBuildPhase;
			buildActionMask = 2147483647;
			files = (
			);
			inputFileListPaths = (
			);
			inputPaths = (
				"${PODS_PODFILE_DIR_PATH}/Podfile.lock",
				"${PODS_ROOT}/Manifest.lock",
			);
			name = "[CP] Check Pods Manifest.lock";
			outputFileListPaths = (
			);
			outputPaths = (
				"$(DERIVED_FILE_DIR)/Pods-UILearn-UILearnUITests-checkManifestLockResult.txt",
			);
			runOnlyForDeploymentPostprocessing = 0;
			shellPath = /bin/sh;
			shellScript = "diff \"${PODS_PODFILE_DIR_PATH}/Podfile.lock\" \"${PODS_ROOT}/Manifest.lock\" > /dev/null\nif [ $? != 0 ] ; then\n    # print error to STDERR\n    echo \"error: The sandbox is not in sync with the Podfile.lock. Run 'pod install' or update your CocoaPods installation.\" >&2\n    exit 1\nfi\n# This output is used by Xcode 'outputs' to avoid re-running this script phase.\necho \"SUCCESS\" > \"${SCRIPT_OUTPUT_FILE_0}\"\n";
			showEnvVarsInLog = 0;
		};
		C069387C2274AD5C5A115B0D /* [CP] Embed Pods Frameworks */ = {
			isa = PBXShellScriptBuildPhase;
			buildActionMask = 2147483647;
			files = (
			);
			inputFileListPaths = (
				"${PODS_ROOT}/Target Support Files/Pods-UILearn/Pods-UILearn-frameworks-${CONFIGURATION}-input-files.xcfilelist",
			);
			name = "[CP] Embed Pods Frameworks";
			outputFileListPaths = (
				"${PODS_ROOT}/Target Support Files/Pods-UILearn/Pods-UILearn-frameworks-${CONFIGURATION}-output-files.xcfilelist",
			);
			runOnlyForDeploymentPostprocessing = 0;
			shellPath = /bin/sh;
			shellScript = "\"${PODS_ROOT}/Target Support Files/Pods-UILearn/Pods-UILearn-frameworks.sh\"\n";
			showEnvVarsInLog = 0;
		};
		CFF812776859015B803D91D7 /* [CP] Check Pods Manifest.lock */ = {
			isa = PBXShellScriptBuildPhase;
			buildActionMask = 2147483647;
			files = (
			);
			inputFileListPaths = (
			);
			inputPaths = (
				"${PODS_PODFILE_DIR_PATH}/Podfile.lock",
				"${PODS_ROOT}/Manifest.lock",
			);
			name = "[CP] Check Pods Manifest.lock";
			outputFileListPaths = (
			);
			outputPaths = (
				"$(DERIVED_FILE_DIR)/Pods-UILearn-checkManifestLockResult.txt",
			);
			runOnlyForDeploymentPostprocessing = 0;
			shellPath = /bin/sh;
			shellScript = "diff \"${PODS_PODFILE_DIR_PATH}/Podfile.lock\" \"${PODS_ROOT}/Manifest.lock\" > /dev/null\nif [ $? != 0 ] ; then\n    # print error to STDERR\n    echo \"error: The sandbox is not in sync with the Podfile.lock. Run 'pod install' or update your CocoaPods installation.\" >&2\n    exit 1\nfi\n# This output is used by Xcode 'outputs' to avoid re-running this script phase.\necho \"SUCCESS\" > \"${SCRIPT_OUTPUT_FILE_0}\"\n";
			showEnvVarsInLog = 0;
		};
/* End PBXShellScriptBuildPhase section */

/* Begin PBXSourcesBuildPhase section */
		183FCE77274C8D3B00E7964B /* Sources */ = {
			isa = PBXSourcesBuildPhase;
			buildActionMask = 2147483647;
			files = (
				183FCEC8274CB7A100E7964B /* XMessageController.m in Sources */,
				189C48BE274F71BF003A5203 /* X2Controller.m in Sources */,
				18CFEBAB2778451A00C1C19F /* XNetCell.m in Sources */,
				18C701A62774778A0023F6CF /* X1-2ViewController.m in Sources */,
				18C701A3277477770023F6CF /* X1-1ViewController.m in Sources */,
				1819F1EF277953C100F79694 /* XNetModel.m in Sources */,
				186D73CE27D4AA8B00D3C102 /* UIButton+XExtension.m in Sources */,
				183FCE86274C8D3B00E7964B /* ViewController.m in Sources */,
				189C48C9274F897B003A5203 /* X5Controller.m in Sources */,
				18D398EF27770D1A00B24617 /* Xstatus.m in Sources */,
				183FCE80274C8D3B00E7964B /* AppDelegate.m in Sources */,
				187A8CE027D8DAF900F7986E /* XRandomPickFoof.m in Sources */,
				182D675D2750BAAF001411AA /* XHomeableViewController.m in Sources */,
				181DBED427BCCF9B005D5EBB /* XDeleSecondVC.m in Sources */,
				187E613F277ADD04008D01B6 /* XSearchDBTool.m in Sources */,
				18D398EB277707CA00B24617 /* XWeather.m in Sources */,
				183FCEB6274C947E00E7964B /* NavigationController.m in Sources */,
				183FCEC5274CB78C00E7964B /* XDiscoverController.m in Sources */,
				187E6142277AE99D008D01B6 /* XDownWeatherInfo.m in Sources */,
				1889AD2027D1AC8700906A10 /* Model.xcdatamodeld in Sources */,
				183FCEC2274CB77300E7964B /* XHomeController.m in Sources */,
				1845770C27BBCF1900B254C7 /* XThirdVC.m in Sources */,
				182D67592750B9C7001411AA /* XHomeCell.m in Sources */,
				1894489F278448B20051148F /* XWeatherHome.m in Sources */,
				183FCECB274CB7AF00E7964B /* XProfileController.m in Sources */,
				189C48C3274F86D0003A5203 /* X3Controller.m in Sources */,
				18466971278527E50013A769 /* XDemoVC.m in Sources */,
				189C48C6274F896A003A5203 /* X4Controller.m in Sources */,
				1894489927840EA50051148F /* XVCTools.m in Sources */,
				189C48BA274F1C85003A5203 /* XTabBar.m in Sources */,
				183FCEB9274C970700E7964B /* TabBarController.m in Sources */,
				187E6139277AAE0B008D01B6 /* XWeatherModel.m in Sources */,
				1845770727BBBF9600B254C7 /* XSecondVC.m in Sources */,
				181DBECF27BCCF7B005D5EBB /* XDeleFirstVC.m in Sources */,
				183FCE91274C8D3F00E7964B /* main.m in Sources */,
				18CA83AC278ED48E00678768 /* XImagePickCV.m in Sources */,
				183FCE83274C8D3B00E7964B /* SceneDelegate.m in Sources */,
			);
			runOnlyForDeploymentPostprocessing = 0;
		};
		183FCE92274C8D4000E7964B /* Sources */ = {
			isa = PBXSourcesBuildPhase;
			buildActionMask = 2147483647;
			files = (
				183FCE9B274C8D4000E7964B /* UILearnTests.m in Sources */,
			);
			runOnlyForDeploymentPostprocessing = 0;
		};
		183FCE9D274C8D4000E7964B /* Sources */ = {
			isa = PBXSourcesBuildPhase;
			buildActionMask = 2147483647;
			files = (
				183FCEA6274C8D4000E7964B /* UILearnUITests.m in Sources */,
			);
			runOnlyForDeploymentPostprocessing = 0;
		};
/* End PBXSourcesBuildPhase section */

/* Begin PBXTargetDependency section */
		183FCE98274C8D4000E7964B /* PBXTargetDependency */ = {
			isa = PBXTargetDependency;
			target = 183FCE7A274C8D3B00E7964B /* UILearn */;
			targetProxy = 183FCE97274C8D4000E7964B /* PBXContainerItemProxy */;
		};
		183FCEA3274C8D4000E7964B /* PBXTargetDependency */ = {
			isa = PBXTargetDependency;
			target = 183FCE7A274C8D3B00E7964B /* UILearn */;
			targetProxy = 183FCEA2274C8D4000E7964B /* PBXContainerItemProxy */;
		};
/* End PBXTargetDependency section */

/* Begin PBXVariantGroup section */
		183FCE87274C8D3B00E7964B /* Main.storyboard */ = {
			isa = PBXVariantGroup;
			children = (
				183FCE88274C8D3B00E7964B /* Base */,
			);
			name = Main.storyboard;
			sourceTree = "<group>";
		};
		183FCE8C274C8D3F00E7964B /* LaunchScreen.storyboard */ = {
			isa = PBXVariantGroup;
			children = (
				183FCE8D274C8D3F00E7964B /* Base */,
			);
			name = LaunchScreen.storyboard;
			sourceTree = "<group>";
		};
/* End PBXVariantGroup section */

/* Begin XCBuildConfiguration section */
		183FCEA8274C8D4000E7964B /* Debug */ = {
			isa = XCBuildConfiguration;
			buildSettings = {
				ALWAYS_SEARCH_USER_PATHS = NO;
				CLANG_ANALYZER_NONNULL = YES;
				CLANG_ANALYZER_NUMBER_OBJECT_CONVERSION = YES_AGGRESSIVE;
				CLANG_CXX_LANGUAGE_STANDARD = "gnu++14";
				CLANG_CXX_LIBRARY = "libc++";
				CLANG_ENABLE_MODULES = YES;
				CLANG_ENABLE_OBJC_ARC = YES;
				CLANG_ENABLE_OBJC_WEAK = YES;
				CLANG_WARN_BLOCK_CAPTURE_AUTORELEASING = YES;
				CLANG_WARN_BOOL_CONVERSION = YES;
				CLANG_WARN_COMMA = YES;
				CLANG_WARN_CONSTANT_CONVERSION = YES;
				CLANG_WARN_DEPRECATED_OBJC_IMPLEMENTATIONS = YES;
				CLANG_WARN_DIRECT_OBJC_ISA_USAGE = YES_ERROR;
				CLANG_WARN_DOCUMENTATION_COMMENTS = YES;
				CLANG_WARN_EMPTY_BODY = YES;
				CLANG_WARN_ENUM_CONVERSION = YES;
				CLANG_WARN_INFINITE_RECURSION = YES;
				CLANG_WARN_INT_CONVERSION = YES;
				CLANG_WARN_NON_LITERAL_NULL_CONVERSION = YES;
				CLANG_WARN_OBJC_IMPLICIT_RETAIN_SELF = YES;
				CLANG_WARN_OBJC_LITERAL_CONVERSION = YES;
				CLANG_WARN_OBJC_ROOT_CLASS = YES_ERROR;
				CLANG_WARN_QUOTED_INCLUDE_IN_FRAMEWORK_HEADER = YES;
				CLANG_WARN_RANGE_LOOP_ANALYSIS = YES;
				CLANG_WARN_STRICT_PROTOTYPES = YES;
				CLANG_WARN_SUSPICIOUS_MOVE = YES;
				CLANG_WARN_UNGUARDED_AVAILABILITY = YES_AGGRESSIVE;
				CLANG_WARN_UNREACHABLE_CODE = YES;
				CLANG_WARN__DUPLICATE_METHOD_MATCH = YES;
				COPY_PHASE_STRIP = NO;
				DEBUG_INFORMATION_FORMAT = dwarf;
				ENABLE_STRICT_OBJC_MSGSEND = YES;
				ENABLE_TESTABILITY = YES;
				GCC_C_LANGUAGE_STANDARD = gnu11;
				GCC_DYNAMIC_NO_PIC = NO;
				GCC_NO_COMMON_BLOCKS = YES;
				GCC_OPTIMIZATION_LEVEL = 0;
				GCC_PREPROCESSOR_DEFINITIONS = (
					"DEBUG=1",
					"$(inherited)",
				);
				GCC_WARN_64_TO_32_BIT_CONVERSION = YES;
				GCC_WARN_ABOUT_RETURN_TYPE = YES_ERROR;
				GCC_WARN_UNDECLARED_SELECTOR = YES;
				GCC_WARN_UNINITIALIZED_AUTOS = YES_AGGRESSIVE;
				GCC_WARN_UNUSED_FUNCTION = YES;
				GCC_WARN_UNUSED_VARIABLE = YES;
				IPHONEOS_DEPLOYMENT_TARGET = 14.5;
				MTL_ENABLE_DEBUG_INFO = INCLUDE_SOURCE;
				MTL_FAST_MATH = YES;
				ONLY_ACTIVE_ARCH = YES;
				SDKROOT = iphoneos;
			};
			name = Debug;
		};
		183FCEA9274C8D4000E7964B /* Release */ = {
			isa = XCBuildConfiguration;
			buildSettings = {
				ALWAYS_SEARCH_USER_PATHS = NO;
				CLANG_ANALYZER_NONNULL = YES;
				CLANG_ANALYZER_NUMBER_OBJECT_CONVERSION = YES_AGGRESSIVE;
				CLANG_CXX_LANGUAGE_STANDARD = "gnu++14";
				CLANG_CXX_LIBRARY = "libc++";
				CLANG_ENABLE_MODULES = YES;
				CLANG_ENABLE_OBJC_ARC = YES;
				CLANG_ENABLE_OBJC_WEAK = YES;
				CLANG_WARN_BLOCK_CAPTURE_AUTORELEASING = YES;
				CLANG_WARN_BOOL_CONVERSION = YES;
				CLANG_WARN_COMMA = YES;
				CLANG_WARN_CONSTANT_CONVERSION = YES;
				CLANG_WARN_DEPRECATED_OBJC_IMPLEMENTATIONS = YES;
				CLANG_WARN_DIRECT_OBJC_ISA_USAGE = YES_ERROR;
				CLANG_WARN_DOCUMENTATION_COMMENTS = YES;
				CLANG_WARN_EMPTY_BODY = YES;
				CLANG_WARN_ENUM_CONVERSION = YES;
				CLANG_WARN_INFINITE_RECURSION = YES;
				CLANG_WARN_INT_CONVERSION = YES;
				CLANG_WARN_NON_LITERAL_NULL_CONVERSION = YES;
				CLANG_WARN_OBJC_IMPLICIT_RETAIN_SELF = YES;
				CLANG_WARN_OBJC_LITERAL_CONVERSION = YES;
				CLANG_WARN_OBJC_ROOT_CLASS = YES_ERROR;
				CLANG_WARN_QUOTED_INCLUDE_IN_FRAMEWORK_HEADER = YES;
				CLANG_WARN_RANGE_LOOP_ANALYSIS = YES;
				CLANG_WARN_STRICT_PROTOTYPES = YES;
				CLANG_WARN_SUSPICIOUS_MOVE = YES;
				CLANG_WARN_UNGUARDED_AVAILABILITY = YES_AGGRESSIVE;
				CLANG_WARN_UNREACHABLE_CODE = YES;
				CLANG_WARN__DUPLICATE_METHOD_MATCH = YES;
				COPY_PHASE_STRIP = NO;
				DEBUG_INFORMATION_FORMAT = "dwarf-with-dsym";
				ENABLE_NS_ASSERTIONS = NO;
				ENABLE_STRICT_OBJC_MSGSEND = YES;
				GCC_C_LANGUAGE_STANDARD = gnu11;
				GCC_NO_COMMON_BLOCKS = YES;
				GCC_WARN_64_TO_32_BIT_CONVERSION = YES;
				GCC_WARN_ABOUT_RETURN_TYPE = YES_ERROR;
				GCC_WARN_UNDECLARED_SELECTOR = YES;
				GCC_WARN_UNINITIALIZED_AUTOS = YES_AGGRESSIVE;
				GCC_WARN_UNUSED_FUNCTION = YES;
				GCC_WARN_UNUSED_VARIABLE = YES;
				IPHONEOS_DEPLOYMENT_TARGET = 14.5;
				MTL_ENABLE_DEBUG_INFO = NO;
				MTL_FAST_MATH = YES;
				SDKROOT = iphoneos;
				VALIDATE_PRODUCT = YES;
			};
			name = Release;
		};
		183FCEAB274C8D4000E7964B /* Debug */ = {
			isa = XCBuildConfiguration;
			baseConfigurationReference = 7AF53E8B5D2A013FA01CCB85 /* Pods-UILearn.debug.xcconfig */;
			buildSettings = {
				ASSETCATALOG_COMPILER_APPICON_NAME = AppIcon;
				ASSETCATALOG_COMPILER_GLOBAL_ACCENT_COLOR_NAME = AccentColor;
				CODE_SIGN_STYLE = Automatic;
				DEVELOPMENT_TEAM = 95K49TR26H;
				GCC_PREFIX_HEADER = UILearn/Tools/PrefixHeader.pch;
				INFOPLIST_FILE = UILearn/Info.plist;
				IPHONEOS_DEPLOYMENT_TARGET = 12.0;
				LD_RUNPATH_SEARCH_PATHS = (
					"$(inherited)",
					"@executable_path/Frameworks",
				);
				PRODUCT_BUNDLE_IDENTIFIER = com.zlk.demo.UILearn;
				PRODUCT_NAME = "$(TARGET_NAME)";
				TARGETED_DEVICE_FAMILY = "1,2";
			};
			name = Debug;
		};
		183FCEAC274C8D4000E7964B /* Release */ = {
			isa = XCBuildConfiguration;
			baseConfigurationReference = 1C730BFEC1173CAF2D9BB8CF /* Pods-UILearn.release.xcconfig */;
			buildSettings = {
				ASSETCATALOG_COMPILER_APPICON_NAME = AppIcon;
				ASSETCATALOG_COMPILER_GLOBAL_ACCENT_COLOR_NAME = AccentColor;
				CODE_SIGN_STYLE = Automatic;
				DEVELOPMENT_TEAM = 95K49TR26H;
				GCC_PREFIX_HEADER = UILearn/Tools/PrefixHeader.pch;
				INFOPLIST_FILE = UILearn/Info.plist;
				IPHONEOS_DEPLOYMENT_TARGET = 12.0;
				LD_RUNPATH_SEARCH_PATHS = (
					"$(inherited)",
					"@executable_path/Frameworks",
				);
				PRODUCT_BUNDLE_IDENTIFIER = com.zlk.demo.UILearn;
				PRODUCT_NAME = "$(TARGET_NAME)";
				TARGETED_DEVICE_FAMILY = "1,2";
			};
			name = Release;
		};
		183FCEAE274C8D4000E7964B /* Debug */ = {
			isa = XCBuildConfiguration;
			baseConfigurationReference = 83D93DB885543EA112F653C7 /* Pods-UILearnTests.debug.xcconfig */;
			buildSettings = {
				BUNDLE_LOADER = "$(TEST_HOST)";
				CODE_SIGN_STYLE = Automatic;
				DEVELOPMENT_TEAM = 95K49TR26H;
				INFOPLIST_FILE = UILearnTests/Info.plist;
				IPHONEOS_DEPLOYMENT_TARGET = 14.5;
				LD_RUNPATH_SEARCH_PATHS = (
					"$(inherited)",
					"@executable_path/Frameworks",
					"@loader_path/Frameworks",
				);
				PRODUCT_BUNDLE_IDENTIFIER = com.zlk.demo.UILearnTests;
				PRODUCT_NAME = "$(TARGET_NAME)";
				TARGETED_DEVICE_FAMILY = "1,2";
				TEST_HOST = "$(BUILT_PRODUCTS_DIR)/UILearn.app/UILearn";
			};
			name = Debug;
		};
		183FCEAF274C8D4000E7964B /* Release */ = {
			isa = XCBuildConfiguration;
			baseConfigurationReference = 453DA9C3AA1560E3700502A8 /* Pods-UILearnTests.release.xcconfig */;
			buildSettings = {
				BUNDLE_LOADER = "$(TEST_HOST)";
				CODE_SIGN_STYLE = Automatic;
				DEVELOPMENT_TEAM = 95K49TR26H;
				INFOPLIST_FILE = UILearnTests/Info.plist;
				IPHONEOS_DEPLOYMENT_TARGET = 14.5;
				LD_RUNPATH_SEARCH_PATHS = (
					"$(inherited)",
					"@executable_path/Frameworks",
					"@loader_path/Frameworks",
				);
				PRODUCT_BUNDLE_IDENTIFIER = com.zlk.demo.UILearnTests;
				PRODUCT_NAME = "$(TARGET_NAME)";
				TARGETED_DEVICE_FAMILY = "1,2";
				TEST_HOST = "$(BUILT_PRODUCTS_DIR)/UILearn.app/UILearn";
			};
			name = Release;
		};
		183FCEB1274C8D4000E7964B /* Debug */ = {
			isa = XCBuildConfiguration;
			baseConfigurationReference = 4AB11C4C87136435BE181840 /* Pods-UILearn-UILearnUITests.debug.xcconfig */;
			buildSettings = {
				CODE_SIGN_STYLE = Automatic;
				DEVELOPMENT_TEAM = 95K49TR26H;
				INFOPLIST_FILE = UILearnUITests/Info.plist;
				LD_RUNPATH_SEARCH_PATHS = (
					"$(inherited)",
					"@executable_path/Frameworks",
					"@loader_path/Frameworks",
				);
				PRODUCT_BUNDLE_IDENTIFIER = com.zlk.demo.UILearnUITests;
				PRODUCT_NAME = "$(TARGET_NAME)";
				TARGETED_DEVICE_FAMILY = "1,2";
				TEST_TARGET_NAME = UILearn;
			};
			name = Debug;
		};
		183FCEB2274C8D4000E7964B /* Release */ = {
			isa = XCBuildConfiguration;
			baseConfigurationReference = 9AC1BC2C9E6FA10648F55F6D /* Pods-UILearn-UILearnUITests.release.xcconfig */;
			buildSettings = {
				CODE_SIGN_STYLE = Automatic;
				DEVELOPMENT_TEAM = 95K49TR26H;
				INFOPLIST_FILE = UILearnUITests/Info.plist;
				LD_RUNPATH_SEARCH_PATHS = (
					"$(inherited)",
					"@executable_path/Frameworks",
					"@loader_path/Frameworks",
				);
				PRODUCT_BUNDLE_IDENTIFIER = com.zlk.demo.UILearnUITests;
				PRODUCT_NAME = "$(TARGET_NAME)";
				TARGETED_DEVICE_FAMILY = "1,2";
				TEST_TARGET_NAME = UILearn;
			};
			name = Release;
		};
/* End XCBuildConfiguration section */

/* Begin XCConfigurationList section */
		183FCE76274C8D3B00E7964B /* Build configuration list for PBXProject "UILearn" */ = {
			isa = XCConfigurationList;
			buildConfigurations = (
				183FCEA8274C8D4000E7964B /* Debug */,
				183FCEA9274C8D4000E7964B /* Release */,
			);
			defaultConfigurationIsVisible = 0;
			defaultConfigurationName = Release;
		};
		183FCEAA274C8D4000E7964B /* Build configuration list for PBXNativeTarget "UILearn" */ = {
			isa = XCConfigurationList;
			buildConfigurations = (
				183FCEAB274C8D4000E7964B /* Debug */,
				183FCEAC274C8D4000E7964B /* Release */,
			);
			defaultConfigurationIsVisible = 0;
			defaultConfigurationName = Release;
		};
		183FCEAD274C8D4000E7964B /* Build configuration list for PBXNativeTarget "UILearnTests" */ = {
			isa = XCConfigurationList;
			buildConfigurations = (
				183FCEAE274C8D4000E7964B /* Debug */,
				183FCEAF274C8D4000E7964B /* Release */,
			);
			defaultConfigurationIsVisible = 0;
			defaultConfigurationName = Release;
		};
		183FCEB0274C8D4000E7964B /* Build configuration list for PBXNativeTarget "UILearnUITests" */ = {
			isa = XCConfigurationList;
			buildConfigurations = (
				183FCEB1274C8D4000E7964B /* Debug */,
				183FCEB2274C8D4000E7964B /* Release */,
			);
			defaultConfigurationIsVisible = 0;
			defaultConfigurationName = Release;
		};
/* End XCConfigurationList section */

/* Begin XCVersionGroup section */
		1889AD1E27D1AC8700906A10 /* Model.xcdatamodeld */ = {
			isa = XCVersionGroup;
			children = (
				1827E8D427D1EC3500E6ECDA /* Model 2.xcdatamodel */,
				1889AD1F27D1AC8700906A10 /* Model.xcdatamodel */,
			);
			currentVersion = 1827E8D427D1EC3500E6ECDA /* Model 2.xcdatamodel */;
			path = Model.xcdatamodeld;
			sourceTree = "<group>";
			versionGroupType = wrapper.xcdatamodel;
		};
/* End XCVersionGroup section */
	};
	rootObject = 183FCE73274C8D3B00E7964B /* Project object */;
}
